
Microsoft Visual Studio Solution File, Format Version 12.00
# Visual Studio Version 17
VisualStudioVersion = 17.0.31903.59
MinimumVisualStudioVersion = 10.0.40219.1
Project("{2150E333-8FDC-42A3-9474-1A3956D46DE8}") = "src", "src", "{827E0CD3-B72D-47B6-A68D-7590B98EB39B}"
EndProject
Project("{FAE04EC0-301F-11D3-BF4B-00C04F79EFBC}") = "SeniorDeveloperTest.Api", "src\SeniorDeveloperTest.Api\SeniorDeveloperTest.Api.csproj", "{09E3B36D-E4BA-4696-9B0F-75F5B584E649}"
EndProject
Project("{FAE04EC0-301F-11D3-BF4B-00C04F79EFBC}") = "SeniorDeveloperTest.Application", "src\SeniorDeveloperTest.Application\SeniorDeveloperTest.Application.csproj", "{BA373FB0-D29F-4BA7-921A-5F181D703E9F}"
EndProject
Project("{FAE04EC0-301F-11D3-BF4B-00C04F79EFBC}") = "SeniorDeveloperTest.Domain", "src\SeniorDeveloperTest.Domain\SeniorDeveloperTest.Domain.csproj", "{C7111D9B-824E-47CF-8DB7-CF19B2A5D96A}"
EndProject
Project("{FAE04EC0-301F-11D3-BF4B-00C04F79EFBC}") = "SeniorDeveloperTest.Infrastructure", "src\SeniorDeveloperTest.Infrastructure\SeniorDeveloperTest.Infrastructure.csproj", "{E4C4EA85-32B7-4095-BDA9-C21C251CFA41}"
EndProject
Project("{FAE04EC0-301F-11D3-BF4B-00C04F79EFBC}") = "SeniorDeveloperTest.Tests", "tests\SeniorDeveloperTest.Tests\SeniorDeveloperTest.Tests.csproj", "{420F94F0-A009-4905-98CC-C2410BC55174}"
EndProject
Global
	GlobalSection(SolutionConfigurationPlatforms) = preSolution
		Debug|Any CPU = Debug|Any CPU
		Debug|x64 = Debug|x64
		Debug|x86 = Debug|x86
		Release|Any CPU = Release|Any CPU
		Release|x64 = Release|x64
		Release|x86 = Release|x86
	EndGlobalSection
	GlobalSection(ProjectConfigurationPlatforms) = postSolution
		{09E3B36D-E4BA-4696-9B0F-75F5B584E649}.Debug|Any CPU.ActiveCfg = Debug|Any CPU
		{09E3B36D-E4BA-4696-9B0F-75F5B584E649}.Debug|Any CPU.Build.0 = Debug|Any CPU
		{09E3B36D-E4BA-4696-9B0F-75F5B584E649}.Debug|x64.ActiveCfg = Debug|Any CPU
		{09E3B36D-E4BA-4696-9B0F-75F5B584E649}.Debug|x64.Build.0 = Debug|Any CPU
		{09E3B36D-E4BA-4696-9B0F-75F5B584E649}.Debug|x86.ActiveCfg = Debug|Any CPU
		{09E3B36D-E4BA-4696-9B0F-75F5B584E649}.Debug|x86.Build.0 = Debug|Any CPU
		{09E3B36D-E4BA-4696-9B0F-75F5B584E649}.Release|Any CPU.ActiveCfg = Release|Any CPU
		{09E3B36D-E4BA-4696-9B0F-75F5B584E649}.Release|Any CPU.Build.0 = Release|Any CPU
		{09E3B36D-E4BA-4696-9B0F-75F5B584E649}.Release|x64.ActiveCfg = Release|Any CPU
		{09E3B36D-E4BA-4696-9B0F-75F5B584E649}.Release|x64.Build.0 = Release|Any CPU
		{09E3B36D-E4BA-4696-9B0F-75F5B584E649}.Release|x86.ActiveCfg = Release|Any CPU
		{09E3B36D-E4BA-4696-9B0F-75F5B584E649}.Release|x86.Build.0 = Release|Any CPU
		{BA373FB0-D29F-4BA7-921A-5F181D703E9F}.Debug|Any CPU.ActiveCfg = Debug|Any CPU
		{BA373FB0-D29F-4BA7-921A-5F181D703E9F}.Debug|Any CPU.Build.0 = Debug|Any CPU
		{BA373FB0-D29F-4BA7-921A-5F181D703E9F}.Debug|x64.ActiveCfg = Debug|Any CPU
		{BA373FB0-D29F-4BA7-921A-5F181D703E9F}.Debug|x64.Build.0 = Debug|Any CPU
		{BA373FB0-D29F-4BA7-921A-5F181D703E9F}.Debug|x86.ActiveCfg = Debug|Any CPU
		{BA373FB0-D29F-4BA7-921A-5F181D703E9F}.Debug|x86.Build.0 = Debug|Any CPU
		{BA373FB0-D29F-4BA7-921A-5F181D703E9F}.Release|Any CPU.ActiveCfg = Release|Any CPU
		{BA373FB0-D29F-4BA7-921A-5F181D703E9F}.Release|Any CPU.Build.0 = Release|Any CPU
		{BA373FB0-D29F-4BA7-921A-5F181D703E9F}.Release|x64.ActiveCfg = Release|Any CPU
		{BA373FB0-D29F-4BA7-921A-5F181D703E9F}.Release|x64.Build.0 = Release|Any CPU
		{BA373FB0-D29F-4BA7-921A-5F181D703E9F}.Release|x86.ActiveCfg = Release|Any CPU
		{BA373FB0-D29F-4BA7-921A-5F181D703E9F}.Release|x86.Build.0 = Release|Any CPU
		{C7111D9B-824E-47CF-8DB7-CF19B2A5D96A}.Debug|Any CPU.ActiveCfg = Debug|Any CPU
		{C7111D9B-824E-47CF-8DB7-CF19B2A5D96A}.Debug|Any CPU.Build.0 = Debug|Any CPU
		{C7111D9B-824E-47CF-8DB7-CF19B2A5D96A}.Debug|x64.ActiveCfg = Debug|Any CPU
		{C7111D9B-824E-47CF-8DB7-CF19B2A5D96A}.Debug|x64.Build.0 = Debug|Any CPU
		{C7111D9B-824E-47CF-8DB7-CF19B2A5D96A}.Debug|x86.ActiveCfg = Debug|Any CPU
		{C7111D9B-824E-47CF-8DB7-CF19B2A5D96A}.Debug|x86.Build.0 = Debug|Any CPU
		{C7111D9B-824E-47CF-8DB7-CF19B2A5D96A}.Release|Any CPU.ActiveCfg = Release|Any CPU
		{C7111D9B-824E-47CF-8DB7-CF19B2A5D96A}.Release|Any CPU.Build.0 = Release|Any CPU
		{C7111D9B-824E-47CF-8DB7-CF19B2A5D96A}.Release|x64.ActiveCfg = Release|Any CPU
		{C7111D9B-824E-47CF-8DB7-CF19B2A5D96A}.Release|x64.Build.0 = Release|Any CPU
		{C7111D9B-824E-47CF-8DB7-CF19B2A5D96A}.Release|x86.ActiveCfg = Release|Any CPU
		{C7111D9B-824E-47CF-8DB7-CF19B2A5D96A}.Release|x86.Build.0 = Release|Any CPU
		{E4C4EA85-32B7-4095-BDA9-C21C251CFA41}.Debug|Any CPU.ActiveCfg = Debug|Any CPU
		{E4C4EA85-32B7-4095-BDA9-C21C251CFA41}.Debug|Any CPU.Build.0 = Debug|Any CPU
		{E4C4EA85-32B7-4095-BDA9-C21C251CFA41}.Debug|x64.ActiveCfg = Debug|Any CPU
		{E4C4EA85-32B7-4095-BDA9-C21C251CFA41}.Debug|x64.Build.0 = Debug|Any CPU
		{E4C4EA85-32B7-4095-BDA9-C21C251CFA41}.Debug|x86.ActiveCfg = Debug|Any CPU
		{E4C4EA85-32B7-4095-BDA9-C21C251CFA41}.Debug|x86.Build.0 = Debug|Any CPU
		{E4C4EA85-32B7-4095-BDA9-C21C251CFA41}.Release|Any CPU.ActiveCfg = Release|Any CPU
		{E4C4EA85-32B7-4095-BDA9-C21C251CFA41}.Release|Any CPU.Build.0 = Release|Any CPU
		{E4C4EA85-32B7-4095-BDA9-C21C251CFA41}.Release|x64.ActiveCfg = Release|Any CPU
		{E4C4EA85-32B7-4095-BDA9-C21C251CFA41}.Release|x64.Build.0 = Release|Any CPU
		{E4C4EA85-32B7-4095-BDA9-C21C251CFA41}.Release|x86.ActiveCfg = Release|Any CPU
		{E4C4EA85-32B7-4095-BDA9-C21C251CFA41}.Release|x86.Build.0 = Release|Any CPU
		{420F94F0-A009-4905-98CC-C2410BC55174}.Debug|Any CPU.ActiveCfg = Debug|Any CPU
		{420F94F0-A009-4905-98CC-C2410BC55174}.Debug|Any CPU.Build.0 = Debug|Any CPU
		{420F94F0-A009-4905-98CC-C2410BC55174}.Debug|x64.ActiveCfg = Debug|Any CPU
		{420F94F0-A009-4905-98CC-C2410BC55174}.Debug|x64.Build.0 = Debug|Any CPU
		{420F94F0-A009-4905-98CC-C2410BC55174}.Debug|x86.ActiveCfg = Debug|Any CPU
		{420F94F0-A009-4905-98CC-C2410BC55174}.Debug|x86.Build.0 = Debug|Any CPU
		{420F94F0-A009-4905-98CC-C2410BC55174}.Release|Any CPU.ActiveCfg = Release|Any CPU
		{420F94F0-A009-4905-98CC-C2410BC55174}.Release|Any CPU.Build.0 = Release|Any CPU
		{420F94F0-A009-4905-98CC-C2410BC55174}.Release|x64.ActiveCfg = Release|Any CPU
		{420F94F0-A009-4905-98CC-C2410BC55174}.Release|x64.Build.0 = Release|Any CPU
		{420F94F0-A009-4905-98CC-C2410BC55174}.Release|x86.ActiveCfg = Release|Any CPU
		{420F94F0-A009-4905-98CC-C2410BC55174}.Release|x86.Build.0 = Release|Any CPU
	EndGlobalSection
	GlobalSection(SolutionProperties) = preSolution
		HideSolutionNode = FALSE
	EndGlobalSection
	GlobalSection(NestedProjects) = preSolution
		{09E3B36D-E4BA-4696-9B0F-75F5B584E649} = {827E0CD3-B72D-47B6-A68D-7590B98EB39B}
		{BA373FB0-D29F-4BA7-921A-5F181D703E9F} = {827E0CD3-B72D-47B6-A68D-7590B98EB39B}
		{C7111D9B-824E-47CF-8DB7-CF19B2A5D96A} = {827E0CD3-B72D-47B6-A68D-7590B98EB39B}
		{E4C4EA85-32B7-4095-BDA9-C21C251CFA41} = {827E0CD3-B72D-47B6-A68D-7590B98EB39B}
		{420F94F0-A009-4905-98CC-C2410BC55174} = {827E0CD3-B72D-47B6-A68D-7590B98EB39B}
	EndGlobalSection
EndGlobal
